
Microsoft Visual Studio Solution File, Format Version 12.00
# Visual Studio Version 17
VisualStudioVersion = 17.6.33801.468
MinimumVisualStudioVersion = 10.0.40219.1
Project("{9A19103F-16F7-4668-BE54-9A1E7A4F7556}") = "ApiFlights", "Test_WebApi\ApiFlights.csproj", "{8A90AF02-D7A1-4F83-AF68-83BF777BD56C}"
EndProject
Project("{9A19103F-16F7-4668-BE54-9A1E7A4F7556}") = "BusinessLayer", "ClassLibrary1\BusinessLayer.csproj", "{7C21E76D-A374-4976-83BA-22488B6B1192}"
EndProject
Project("{9A19103F-16F7-4668-BE54-9A1E7A4F7556}") = "DataAccess", "Data\DataAccess.csproj", "{06B9A593-5FE3-4ECA-BBEF-6C594CD2DD1A}"
EndProject
Project("{9A19103F-16F7-4668-BE54-9A1E7A4F7556}") = "UnitTest_WebApi", "UnitTest_WebApi\UnitTest_WebApi.csproj", "{C6D3B1FE-1105-48B3-BA68-7EAF6A6183D0}"
EndProject
Global
	GlobalSection(SolutionConfigurationPlatforms) = preSolution
		Debug|Any CPU = Debug|Any CPU
		Release|Any CPU = Release|Any CPU
	EndGlobalSection
	GlobalSection(ProjectConfigurationPlatforms) = postSolution
		{8A90AF02-D7A1-4F83-AF68-83BF777BD56C}.Debug|Any CPU.ActiveCfg = Debug|Any CPU
		{8A90AF02-D7A1-4F83-AF68-83BF777BD56C}.Debug|Any CPU.Build.0 = Debug|Any CPU
		{8A90AF02-D7A1-4F83-AF68-83BF777BD56C}.Release|Any CPU.ActiveCfg = Release|Any CPU
		{8A90AF02-D7A1-4F83-AF68-83BF777BD56C}.Release|Any CPU.Build.0 = Release|Any CPU
		{7C21E76D-A374-4976-83BA-22488B6B1192}.Debug|Any CPU.ActiveCfg = Debug|Any CPU
		{7C21E76D-A374-4976-83BA-22488B6B1192}.Debug|Any CPU.Build.0 = Debug|Any CPU
		{7C21E76D-A374-4976-83BA-22488B6B1192}.Release|Any CPU.ActiveCfg = Release|Any CPU
		{7C21E76D-A374-4976-83BA-22488B6B1192}.Release|Any CPU.Build.0 = Release|Any CPU
		{06B9A593-5FE3-4ECA-BBEF-6C594CD2DD1A}.Debug|Any CPU.ActiveCfg = Debug|Any CPU
		{06B9A593-5FE3-4ECA-BBEF-6C594CD2DD1A}.Debug|Any CPU.Build.0 = Debug|Any CPU
		{06B9A593-5FE3-4ECA-BBEF-6C594CD2DD1A}.Release|Any CPU.ActiveCfg = Release|Any CPU
		{06B9A593-5FE3-4ECA-BBEF-6C594CD2DD1A}.Release|Any CPU.Build.0 = Release|Any CPU
		{C6D3B1FE-1105-48B3-BA68-7EAF6A6183D0}.Debug|Any CPU.ActiveCfg = Debug|Any CPU
		{C6D3B1FE-1105-48B3-BA68-7EAF6A6183D0}.Debug|Any CPU.Build.0 = Debug|Any CPU
		{C6D3B1FE-1105-48B3-BA68-7EAF6A6183D0}.Release|Any CPU.ActiveCfg = Release|Any CPU
		{C6D3B1FE-1105-48B3-BA68-7EAF6A6183D0}.Release|Any CPU.Build.0 = Release|Any CPU
	EndGlobalSection
	GlobalSection(SolutionProperties) = preSolution
		HideSolutionNode = FALSE
	EndGlobalSection
	GlobalSection(ExtensibilityGlobals) = postSolution
		SolutionGuid = {B330642C-48E4-41C1-B241-2A51E6F5790C}
	EndGlobalSection
EndGlobal
